
Microsoft Visual Studio Solution File, Format Version 12.00
# Visual Studio Version 17
VisualStudioVersion = 17.4.33103.184
MinimumVisualStudioVersion = 10.0.40219.1
Project("{FAE04EC0-301F-11D3-BF4B-00C04F79EFBC}") = "SolarisBot", "SolarisBot.csproj", "{9BBAA597-A4FE-4DCF-B869-0990427AAB11}"
EndProject
Global
	GlobalSection(SolutionConfigurationPlatforms) = preSolution
		Debug|Any CPU = Debug|Any CPU
		Release|Any CPU = Release|Any CPU
	EndGlobalSection
	GlobalSection(ProjectConfigurationPlatforms) = postSolution
		{9BBAA597-A4FE-4DCF-B869-0990427AAB11}.Debug|Any CPU.ActiveCfg = Debug|Any CPU
		{9BBAA597-A4FE-4DCF-B869-0990427AAB11}.Debug|Any CPU.Build.0 = Debug|Any CPU
		{9BBAA597-A4FE-4DCF-B869-0990427AAB11}.Release|Any CPU.ActiveCfg = Release|Any CPU
		{9BBAA597-A4FE-4DCF-B869-0990427AAB11}.Release|Any CPU.Build.0 = Release|Any CPU
	EndGlobalSection
	GlobalSection(SolutionProperties) = preSolution
		HideSolutionNode = FALSE
	EndGlobalSection
	GlobalSection(ExtensibilityGlobals) = postSolution
		SolutionGuid = {538268B1-24CE-4B28-B1D1-DF1CB418D687}
	EndGlobalSection
EndGlobal
